// !$*UTF8*$!
{
	archiveVersion = 1;
	classes = {
	};
	objectVersion = 50;
	objects = {

/* Begin PBXBuildFile section */
		DABF3C5E21DD55F50015354B /* AppDelegate.swift in Sources */ = {isa = PBXBuildFile; fileRef = DABF3C5D21DD55F50015354B /* AppDelegate.swift */; };
		DABF3C6021DD55F50015354B /* SelectPersonVC.swift in Sources */ = {isa = PBXBuildFile; fileRef = DABF3C5F21DD55F50015354B /* SelectPersonVC.swift */; };
		DABF3C6321DD55F50015354B /* Main.storyboard in Resources */ = {isa = PBXBuildFile; fileRef = DABF3C6121DD55F50015354B /* Main.storyboard */; };
		DABF3C6521DD55FF0015354B /* Assets.xcassets in Resources */ = {isa = PBXBuildFile; fileRef = DABF3C6421DD55FF0015354B /* Assets.xcassets */; };
		DABF3C6821DD55FF0015354B /* LaunchScreen.storyboard in Resources */ = {isa = PBXBuildFile; fileRef = DABF3C6621DD55FF0015354B /* LaunchScreen.storyboard */; };
		DABF3C7221DD604A0015354B /* Starjhol.ttf in Resources */ = {isa = PBXBuildFile; fileRef = DABF3C6F21DD604A0015354B /* Starjhol.ttf */; };
		DABF3C7321DD604A0015354B /* Starjedi.ttf in Resources */ = {isa = PBXBuildFile; fileRef = DABF3C7021DD604A0015354B /* Starjedi.ttf */; };
		DABF3C7421DD604A0015354B /* Starjout.ttf in Resources */ = {isa = PBXBuildFile; fileRef = DABF3C7121DD604A0015354B /* Starjout.ttf */; };
/* End PBXBuildFile section */

/* Begin PBXFileReference section */
		DABF3C5A21DD55F50015354B /* StarTrivia.app */ = {isa = PBXFileReference; explicitFileType = wrapper.application; includeInIndex = 0; path = StarTrivia.app; sourceTree = BUILT_PRODUCTS_DIR; };
		DABF3C5D21DD55F50015354B /* AppDelegate.swift */ = {isa = PBXFileReference; lastKnownFileType = sourcecode.swift; path = AppDelegate.swift; sourceTree = "<group>"; };
		DABF3C5F21DD55F50015354B /* SelectPersonVC.swift */ = {isa = PBXFileReference; lastKnownFileType = sourcecode.swift; path = SelectPersonVC.swift; sourceTree = "<group>"; };
		DABF3C6221DD55F50015354B /* Base */ = {isa = PBXFileReference; lastKnownFileType = file.storyboard; name = Base; path = Base.lproj/Main.storyboard; sourceTree = "<group>"; };
		DABF3C6421DD55FF0015354B /* Assets.xcassets */ = {isa = PBXFileReference; lastKnownFileType = folder.assetcatalog; path = Assets.xcassets; sourceTree = "<group>"; };
		DABF3C6721DD55FF0015354B /* Base */ = {isa = PBXFileReference; lastKnownFileType = file.storyboard; name = Base; path = Base.lproj/LaunchScreen.storyboard; sourceTree = "<group>"; };
		DABF3C6921DD55FF0015354B /* Info.plist */ = {isa = PBXFileReference; lastKnownFileType = text.plist.xml; path = Info.plist; sourceTree = "<group>"; };
		DABF3C6F21DD604A0015354B /* Starjhol.ttf */ = {isa = PBXFileReference; lastKnownFileType = file; path = Starjhol.ttf; sourceTree = "<group>"; };
		DABF3C7021DD604A0015354B /* Starjedi.ttf */ = {isa = PBXFileReference; lastKnownFileType = file; path = Starjedi.ttf; sourceTree = "<group>"; };
		DABF3C7121DD604A0015354B /* Starjout.ttf */ = {isa = PBXFileReference; lastKnownFileType = file; path = Starjout.ttf; sourceTree = "<group>"; };
/* End PBXFileReference section */

/* Begin PBXFrameworksBuildPhase section */
		DABF3C5721DD55F50015354B /* Frameworks */ = {
			isa = PBXFrameworksBuildPhase;
			buildActionMask = 2147483647;
			files = (
			);
			runOnlyForDeploymentPostprocessing = 0;
		};
/* End PBXFrameworksBuildPhase section */

/* Begin PBXGroup section */
		DABF3C5121DD55F50015354B = {
			isa = PBXGroup;
			children = (
				DABF3C5C21DD55F50015354B /* StarTrivia */,
				DABF3C5B21DD55F50015354B /* Products */,
			);
			sourceTree = "<group>";
		};
		DABF3C5B21DD55F50015354B /* Products */ = {
			isa = PBXGroup;
			children = (
				DABF3C5A21DD55F50015354B /* StarTrivia.app */,
			);
			name = Products;
			sourceTree = "<group>";
		};
		DABF3C5C21DD55F50015354B /* StarTrivia */ = {
			isa = PBXGroup;
			children = (
				DABF3C7921DD60850015354B /* Model */,
				DABF3C7821DD607D0015354B /* View */,
				DABF3C7721DD60760015354B /* Controller */,
				DABF3C5D21DD55F50015354B /* AppDelegate.swift */,
				DABF3C5F21DD55F50015354B /* SelectPersonVC.swift */,
				DABF3C7621DD606A0015354B /* Resources */,
				DABF3C6121DD55F50015354B /* Main.storyboard */,
				DABF3C6421DD55FF0015354B /* Assets.xcassets */,
				DABF3C6621DD55FF0015354B /* LaunchScreen.storyboard */,
				DABF3C6921DD55FF0015354B /* Info.plist */,
			);
			path = StarTrivia;
			sourceTree = "<group>";
		};
		DABF3C7521DD60550015354B /* Fonts */ = {
			isa = PBXGroup;
			children = (
				DABF3C7121DD604A0015354B /* Starjout.ttf */,
				DABF3C7021DD604A0015354B /* Starjedi.ttf */,
				DABF3C6F21DD604A0015354B /* Starjhol.ttf */,
			);
			path = Fonts;
			sourceTree = "<group>";
		};
		DABF3C7621DD606A0015354B /* Resources */ = {
			isa = PBXGroup;
			children = (
				DABF3C7521DD60550015354B /* Fonts */,
			);
			path = Resources;
			sourceTree = "<group>";
		};
		DABF3C7721DD60760015354B /* Controller */ = {
			isa = PBXGroup;
			children = (
			);
			path = Controller;
			sourceTree = "<group>";
		};
		DABF3C7821DD607D0015354B /* View */ = {
			isa = PBXGroup;
			children = (
			);
			path = View;
			sourceTree = "<group>";
		};
		DABF3C7921DD60850015354B /* Model */ = {
			isa = PBXGroup;
			children = (
			);
			path = Model;
			sourceTree = "<group>";
		};
/* End PBXGroup section */

/* Begin PBXNativeTarget section */
		DABF3C5921DD55F50015354B /* StarTrivia */ = {
			isa = PBXNativeTarget;
			buildConfigurationList = DABF3C6C21DD55FF0015354B /* Build configuration list for PBXNativeTarget "StarTrivia" */;
			buildPhases = (
				DABF3C5621DD55F50015354B /* Sources */,
				DABF3C5721DD55F50015354B /* Frameworks */,
				DABF3C5821DD55F50015354B /* Resources */,
			);
			buildRules = (
			);
			dependencies = (
			);
			name = StarTrivia;
			productName = StarTrivia;
			productReference = DABF3C5A21DD55F50015354B /* StarTrivia.app */;
			productType = "com.apple.product-type.application";
		};
/* End PBXNativeTarget section */

/* Begin PBXProject section */
		DABF3C5221DD55F50015354B /* Project object */ = {
			isa = PBXProject;
			attributes = {
				LastSwiftUpdateCheck = 1010;
				LastUpgradeCheck = 1010;
				ORGANIZATIONNAME = "Brian Canela";
				TargetAttributes = {
					DABF3C5921DD55F50015354B = {
						CreatedOnToolsVersion = 10.1;
					};
				};
			};
			buildConfigurationList = DABF3C5521DD55F50015354B /* Build configuration list for PBXProject "StarTrivia" */;
			compatibilityVersion = "Xcode 9.3";
			developmentRegion = en;
			hasScannedForEncodings = 0;
			knownRegions = (
				en,
				Base,
			);
			mainGroup = DABF3C5121DD55F50015354B;
			productRefGroup = DABF3C5B21DD55F50015354B /* Products */;
			projectDirPath = "";
			projectRoot = "";
			targets = (
				DABF3C5921DD55F50015354B /* StarTrivia */,
			);
		};
/* End PBXProject section */

/* Begin PBXResourcesBuildPhase section */
		DABF3C5821DD55F50015354B /* Resources */ = {
			isa = PBXResourcesBuildPhase;
			buildActionMask = 2147483647;
			files = (
				DABF3C6821DD55FF0015354B /* LaunchScreen.storyboard in Resources */,
				DABF3C6521DD55FF0015354B /* Assets.xcassets in Resources */,
				DABF3C6321DD55F50015354B /* Main.storyboard in Resources */,
				DABF3C7321DD604A0015354B /* Starjedi.ttf in Resources */,
				DABF3C7421DD604A0015354B /* Starjout.ttf in Resources */,
				DABF3C7221DD604A0015354B /* Starjhol.ttf in Resources */,
			);
			runOnlyForDeploymentPostprocessing = 0;
		};
/* End PBXResourcesBuildPhase section */

/* Begin PBXSourcesBuildPhase section */
		DABF3C5621DD55F50015354B /* Sources */ = {
			isa = PBXSourcesBuildPhase;
			buildActionMask = 2147483647;
			files = (
				DABF3C6021DD55F50015354B /* SelectPersonVC.swift in Sources */,
				DABF3C5E21DD55F50015354B /* AppDelegate.swift in Sources */,
			);
			runOnlyForDeploymentPostprocessing = 0;
		};
/* End PBXSourcesBuildPhase section */

/* Begin PBXVariantGroup section */
		DABF3C6121DD55F50015354B /* Main.storyboard */ = {
			isa = PBXVariantGroup;
			children = (
				DABF3C6221DD55F50015354B /* Base */,
			);
			name = Main.storyboard;
			sourceTree = "<group>";
		};
		DABF3C6621DD55FF0015354B /* LaunchScreen.storyboard */ = {
			isa = PBXVariantGroup;
			children = (
				DABF3C6721DD55FF0015354B /* Base */,
			);
			name = LaunchScreen.storyboard;
			sourceTree = "<group>";
		};
/* End PBXVariantGroup section */

/* Begin XCBuildConfiguration section */
		DABF3C6A21DD55FF0015354B /* Debug */ = {
			isa = XCBuildConfiguration;
			buildSettings = {
				ALWAYS_SEARCH_USER_PATHS = NO;
				CLANG_ANALYZER_NONNULL = YES;
				CLANG_ANALYZER_NUMBER_OBJECT_CONVERSION = YES_AGGRESSIVE;
				CLANG_CXX_LANGUAGE_STANDARD = "gnu++14";
				CLANG_CXX_LIBRARY = "libc++";
				CLANG_ENABLE_MODULES = YES;
				CLANG_ENABLE_OBJC_ARC = YES;
				CLANG_ENABLE_OBJC_WEAK = YES;
				CLANG_WARN_BLOCK_CAPTURE_AUTORELEASING = YES;
				CLANG_WARN_BOOL_CONVERSION = YES;
				CLANG_WARN_COMMA = YES;
				CLANG_WARN_CONSTANT_CONVERSION = YES;
				CLANG_WARN_DEPRECATED_OBJC_IMPLEMENTATIONS = YES;
				CLANG_WARN_DIRECT_OBJC_ISA_USAGE = YES_ERROR;
				CLANG_WARN_DOCUMENTATION_COMMENTS = YES;
				CLANG_WARN_EMPTY_BODY = YES;
				CLANG_WARN_ENUM_CONVERSION = YES;
				CLANG_WARN_INFINITE_RECURSION = YES;
				CLANG_WARN_INT_CONVERSION = YES;
				CLANG_WARN_NON_LITERAL_NULL_CONVERSION = YES;
				CLANG_WARN_OBJC_IMPLICIT_RETAIN_SELF = YES;
				CLANG_WARN_OBJC_LITERAL_CONVERSION = YES;
				CLANG_WARN_OBJC_ROOT_CLASS = YES_ERROR;
				CLANG_WARN_RANGE_LOOP_ANALYSIS = YES;
				CLANG_WARN_STRICT_PROTOTYPES = YES;
				CLANG_WARN_SUSPICIOUS_MOVE = YES;
				CLANG_WARN_UNGUARDED_AVAILABILITY = YES_AGGRESSIVE;
				CLANG_WARN_UNREACHABLE_CODE = YES;
				CLANG_WARN__DUPLICATE_METHOD_MATCH = YES;
				CODE_SIGN_IDENTITY = "iPhone Developer";
				COPY_PHASE_STRIP = NO;
				DEBUG_INFORMATION_FORMAT = dwarf;
				ENABLE_STRICT_OBJC_MSGSEND = YES;
				ENABLE_TESTABILITY = YES;
				GCC_C_LANGUAGE_STANDARD = gnu11;
				GCC_DYNAMIC_NO_PIC = NO;
				GCC_NO_COMMON_BLOCKS = YES;
				GCC_OPTIMIZATION_LEVEL = 0;
				GCC_PREPROCESSOR_DEFINITIONS = (
					"DEBUG=1",
					"$(inherited)",
				);
				GCC_WARN_64_TO_32_BIT_CONVERSION = YES;
				GCC_WARN_ABOUT_RETURN_TYPE = YES_ERROR;
				GCC_WARN_UNDECLARED_SELECTOR = YES;
				GCC_WARN_UNINITIALIZED_AUTOS = YES_AGGRESSIVE;
				GCC_WARN_UNUSED_FUNCTION = YES;
				GCC_WARN_UNUSED_VARIABLE = YES;
				IPHONEOS_DEPLOYMENT_TARGET = 12.1;
				MTL_ENABLE_DEBUG_INFO = INCLUDE_SOURCE;
				MTL_FAST_MATH = YES;
				ONLY_ACTIVE_ARCH = YES;
				SDKROOT = iphoneos;
				SWIFT_ACTIVE_COMPILATION_CONDITIONS = DEBUG;
				SWIFT_OPTIMIZATION_LEVEL = "-Onone";
			};
			name = Debug;
		};
		DABF3C6B21DD55FF0015354B /* Release */ = {
			isa = XCBuildConfiguration;
			buildSettings = {
				ALWAYS_SEARCH_USER_PATHS = NO;
				CLANG_ANALYZER_NONNULL = YES;
				CLANG_ANALYZER_NUMBER_OBJECT_CONVERSION = YES_AGGRESSIVE;
				CLANG_CXX_LANGUAGE_STANDARD = "gnu++14";
				CLANG_CXX_LIBRARY = "libc++";
				CLANG_ENABLE_MODULES = YES;
				CLANG_ENABLE_OBJC_ARC = YES;
				CLANG_ENABLE_OBJC_WEAK = YES;
				CLANG_WARN_BLOCK_CAPTURE_AUTORELEASING = YES;
				CLANG_WARN_BOOL_CONVERSION = YES;
				CLANG_WARN_COMMA = YES;
				CLANG_WARN_CONSTANT_CONVERSION = YES;
				CLANG_WARN_DEPRECATED_OBJC_IMPLEMENTATIONS = YES;
				CLANG_WARN_DIRECT_OBJC_ISA_USAGE = YES_ERROR;
				CLANG_WARN_DOCUMENTATION_COMMENTS = YES;
				CLANG_WARN_EMPTY_BODY = YES;
				CLANG_WARN_ENUM_CONVERSION = YES;
				CLANG_WARN_INFINITE_RECURSION = YES;
				CLANG_WARN_INT_CONVERSION = YES;
				CLANG_WARN_NON_LITERAL_NULL_CONVERSION = YES;
				CLANG_WARN_OBJC_IMPLICIT_RETAIN_SELF = YES;
				CLANG_WARN_OBJC_LITERAL_CONVERSION = YES;
				CLANG_WARN_OBJC_ROOT_CLASS = YES_ERROR;
				CLANG_WARN_RANGE_LOOP_ANALYSIS = YES;
				CLANG_WARN_STRICT_PROTOTYPES = YES;
				CLANG_WARN_SUSPICIOUS_MOVE = YES;
				CLANG_WARN_UNGUARDED_AVAILABILITY = YES_AGGRESSIVE;
				CLANG_WARN_UNREACHABLE_CODE = YES;
				CLANG_WARN__DUPLICATE_METHOD_MATCH = YES;
				CODE_SIGN_IDENTITY = "iPhone Developer";
				COPY_PHASE_STRIP = NO;
				DEBUG_INFORMATION_FORMAT = "dwarf-with-dsym";
				ENABLE_NS_ASSERTIONS = NO;
				ENABLE_STRICT_OBJC_MSGSEND = YES;
				GCC_C_LANGUAGE_STANDARD = gnu11;
				GCC_NO_COMMON_BLOCKS = YES;
				GCC_WARN_64_TO_32_BIT_CONVERSION = YES;
				GCC_WARN_ABOUT_RETURN_TYPE = YES_ERROR;
				GCC_WARN_UNDECLARED_SELECTOR = YES;
				GCC_WARN_UNINITIALIZED_AUTOS = YES_AGGRESSIVE;
				GCC_WARN_UNUSED_FUNCTION = YES;
				GCC_WARN_UNUSED_VARIABLE = YES;
				IPHONEOS_DEPLOYMENT_TARGET = 12.1;
				MTL_ENABLE_DEBUG_INFO = NO;
				MTL_FAST_MATH = YES;
				SDKROOT = iphoneos;
				SWIFT_COMPILATION_MODE = wholemodule;
				SWIFT_OPTIMIZATION_LEVEL = "-O";
				VALIDATE_PRODUCT = YES;
			};
			name = Release;
		};
		DABF3C6D21DD55FF0015354B /* Debug */ = {
			isa = XCBuildConfiguration;
			buildSettings = {
				ASSETCATALOG_COMPILER_APPICON_NAME = AppIcon;
				CODE_SIGN_STYLE = Automatic;
				DEVELOPMENT_TEAM = L5PJHUVTXH;
				INFOPLIST_FILE = StarTrivia/Info.plist;
				LD_RUNPATH_SEARCH_PATHS = (
					"$(inherited)",
					"@executable_path/Frameworks",
				);
				PRODUCT_BUNDLE_IDENTIFIER = com.CanelaApps.StarTrivia;
				PRODUCT_NAME = "$(TARGET_NAME)";
				SWIFT_VERSION = 4.2;
				TARGETED_DEVICE_FAMILY = "1,2";
			};
			name = Debug;
		};
		DABF3C6E21DD55FF0015354B /* Release */ = {
			isa = XCBuildConfiguration;
			buildSettings = {
				ASSETCATALOG_COMPILER_APPICON_NAME = AppIcon;
				CODE_SIGN_STYLE = Automatic;
				DEVELOPMENT_TEAM = L5PJHUVTXH;
				INFOPLIST_FILE = StarTrivia/Info.plist;
				LD_RUNPATH_SEARCH_PATHS = (
					"$(inherited)",
					"@executable_path/Frameworks",
				);
				PRODUCT_BUNDLE_IDENTIFIER = com.CanelaApps.StarTrivia;
				PRODUCT_NAME = "$(TARGET_NAME)";
				SWIFT_VERSION = 4.2;
				TARGETED_DEVICE_FAMILY = "1,2";
			};
			name = Release;
		};
/* End XCBuildConfiguration section */

/* Begin XCConfigurationList section */
		DABF3C5521DD55F50015354B /* Build configuration list for PBXProject "StarTrivia" */ = {
			isa = XCConfigurationList;
			buildConfigurations = (
				DABF3C6A21DD55FF0015354B /* Debug */,
				DABF3C6B21DD55FF0015354B /* Release */,
			);
			defaultConfigurationIsVisible = 0;
			defaultConfigurationName = Release;
		};
		DABF3C6C21DD55FF0015354B /* Build configuration list for PBXNativeTarget "StarTrivia" */ = {
			isa = XCConfigurationList;
			buildConfigurations = (
				DABF3C6D21DD55FF0015354B /* Debug */,
				DABF3C6E21DD55FF0015354B /* Release */,
			);
			defaultConfigurationIsVisible = 0;
			defaultConfigurationName = Release;
		};
/* End XCConfigurationList section */
	};
	rootObject = DABF3C5221DD55F50015354B /* Project object */;
}
